
Microsoft Visual Studio Solution File, Format Version 12.00
# Visual Studio 14
VisualStudioVersion = 14.0.24720.0
MinimumVisualStudioVersion = 10.0.40219.1
Project("{FAE04EC0-301F-11D3-BF4B-00C04F79EFBC}") = "CPRG253.FinalAsgn.WellProduction", "CPRG253.FinalAsgn.WellProduction\CPRG253.FinalAsgn.WellProduction.csproj", "{CD94AB45-69A2-415C-9D88-EE32DDC8B348}"
EndProject
Project("{FAE04EC0-301F-11D3-BF4B-00C04F79EFBC}") = "CPRG253.FinalAsgn.Domain", "CPRG253.FinalAsgn.Domain\CPRG253.FinalAsgn.Domain.csproj", "{20BC08FB-6075-4DA8-8E30-3C2F5EE31E50}"
EndProject
Global
	GlobalSection(SolutionConfigurationPlatforms) = preSolution
		Debug|Any CPU = Debug|Any CPU
		Release|Any CPU = Release|Any CPU
	EndGlobalSection
	GlobalSection(ProjectConfigurationPlatforms) = postSolution
		{CD94AB45-69A2-415C-9D88-EE32DDC8B348}.Debug|Any CPU.ActiveCfg = Debug|Any CPU
		{CD94AB45-69A2-415C-9D88-EE32DDC8B348}.Debug|Any CPU.Build.0 = Debug|Any CPU
		{CD94AB45-69A2-415C-9D88-EE32DDC8B348}.Release|Any CPU.ActiveCfg = Release|Any CPU
		{CD94AB45-69A2-415C-9D88-EE32DDC8B348}.Release|Any CPU.Build.0 = Release|Any CPU
		{20BC08FB-6075-4DA8-8E30-3C2F5EE31E50}.Debug|Any CPU.ActiveCfg = Debug|Any CPU
		{20BC08FB-6075-4DA8-8E30-3C2F5EE31E50}.Debug|Any CPU.Build.0 = Debug|Any CPU
		{20BC08FB-6075-4DA8-8E30-3C2F5EE31E50}.Release|Any CPU.ActiveCfg = Release|Any CPU
		{20BC08FB-6075-4DA8-8E30-3C2F5EE31E50}.Release|Any CPU.Build.0 = Release|Any CPU
	EndGlobalSection
	GlobalSection(SolutionProperties) = preSolution
		HideSolutionNode = FALSE
	EndGlobalSection
EndGlobal
